# THIS IS AN AUTOGENERATED FILE. DO NOT EDIT THIS FILE DIRECTLY.
# yarn lockfile v1


"@fortawesome/fontawesome-free@^6.6.0":
  version "6.6.0"
  resolved "https://registry.yarnpkg.com/@fortawesome/fontawesome-free/-/fontawesome-free-6.6.0.tgz#0e984f0f2344ee513c185d87d77defac4c0c8224"
  integrity sha512-60G28ke/sXdtS9KZCpZSHHkCbdsOGEhIUGlwq6yhY74UpTiToIh8np7A8yphhM4BWsvNFtIvLpi4co+h9Mr9Ow==

arctic_admin@^4.3.1:
  version "4.3.1"
  resolved "https://registry.yarnpkg.com/arctic_admin/-/arctic_admin-4.3.1.tgz#276fb2fcfb4eca219e350e427e36d330a597833e"
  integrity sha512-2z5HHVobZZCWgJiWelG/RG4pnbo+iXTAOCEcAC6TBSI4LI7u8h1ugBkYgg9IF15jFh7Z8j2c1Qw7gxrCH0wgkQ==
